hash: 2fe4abdbc1a625eaa5a00b2ae7f35a18c2aababd493a75fb78c977ef2eaaba1e
updated: 2016-06-14T17:45:22.757835+03:00
imports:
- name: github.com/docker/distribution
  version: 1fc752c7184a2bdcbeb26ad90eba80f9fd9c76bf
  subpackages:
  - github.com\docker\distribution\reference
  - github.com\docker\distribution\digest
- name: github.com/docker/engine-api
  version: de0bc7ec1a2b90b7191e63d3d6f06833188bbd85
  subpackages:
  - client
  - github.com\docker\engine-api\client
  - github.com\docker\engine-api\types
  - github.com\docker\engine-api\types\events
  - github.com\docker\engine-api\client\transport
  - github.com\docker\engine-api\client\transport\cancellable
  - github.com\docker\engine-api\types\container
  - github.com\docker\engine-api\types\filters
  - github.com\docker\engine-api\types\network
  - github.com\docker\engine-api\types\reference
  - github.com\docker\engine-api\types\registry
  - github.com\docker\engine-api\types\swarm
  - github.com\docker\engine-api\types\time
  - github.com\docker\engine-api\types\versions
  - github.com\docker\engine-api\types\blkiodev
  - github.com\docker\engine-api\types\strslice
- name: github.com/docker/go-connections
  version: 990a1a1a70b0da4c4cb70e117971a4f0babfbf1a
  subpackages:
  - github.com\docker\go-connections\sockets
  - github.com\docker\go-connections\tlsconfig
  - github.com\docker\go-connections\nat
- name: github.com/docker/go-units
  version: f2d77a61e3c169b43402a0a1e84f06daf29b8190
  subpackages:
  - github.com\docker\go-units
- name: github.com/Microsoft/go-winio
  version: 4f1a71750d95a5a8a46c40a67ffbed8129c2f138
  subpackages:
  - github.com\Microsoft\go-winio
- name: github.com/opencontainers/runc
  version: 42dfd606437b538ffde4f0640d433916bee928e3
  subpackages:
  - github.com\opencontainers\runc\libcontainer\user
- name: github.com/Sirupsen/logrus
  version: 55eb11d21d2a31a3cc93838241d04800f52e823d
  subpackages:
  - formatters/logstash
  - github.com\Sirupsen\logrus
- name: github.com/urfave/cli
  version: e5bef42c62aa7d25aba4880dc02b7624f01e9e19
  subpackages:
  - github.com\urfave\cli
- name: github.com/vdemeester/docker-events
  version: 20e6d2db238723e68197a9e3c6c34c99a9893a9c
  subpackages:
  - github.com\vdemeester\docker-events
- name: golang.org/x/net
  version: 4876518f9e71663000c348837735820161a42df7
  subpackages:
  - golang.org\x\net\context
  - golang.org\x\net\proxy
- name: golang.org/x/sys
  version: 7f918dd405547ecb864d14a8ecbbfe205b5f930f
  subpackages:
  - golang.org\x\sys\unix
  - golang.org\x\sys\windows
devImports: []
