hash: 62b6f22ecb3d3be1a59e15a8ffb4577fdb3e9167db8f9db565c7f3ab263732b6
updated: 2016-07-31T22:17:29.5263949+03:00
imports:
- name: github.com/docker/distribution
  version: 87917f30529e6a7fca8eaff2932424915fb11225
  subpackages:
  - github.com\docker\distribution\reference
  - github.com\docker\distribution\digest
- name: github.com/docker/engine-api
  version: 228c7390a733320d48697cb41ae8cde4942cd3e5
  subpackages:
  - client
  - github.com\docker\engine-api\client
  - github.com\docker\engine-api\types
  - github.com\docker\engine-api\types\events
  - github.com\docker\engine-api\types\filters
  - github.com\docker\engine-api\client\transport
  - github.com\docker\engine-api\client\transport\cancellable
  - github.com\docker\engine-api\types\container
  - github.com\docker\engine-api\types\network
  - github.com\docker\engine-api\types\reference
  - github.com\docker\engine-api\types\registry
  - github.com\docker\engine-api\types\swarm
  - github.com\docker\engine-api\types\time
  - github.com\docker\engine-api\types\versions
  - github.com\docker\engine-api\types\blkiodev
  - github.com\docker\engine-api\types\strslice
- name: github.com/docker/go-connections
  version: 990a1a1a70b0da4c4cb70e117971a4f0babfbf1a
  subpackages:
  - github.com\docker\go-connections\sockets
  - github.com\docker\go-connections\tlsconfig
  - github.com\docker\go-connections\nat
- name: github.com/docker/go-units
  version: f2d77a61e3c169b43402a0a1e84f06daf29b8190
  subpackages:
  - github.com\docker\go-units
- name: github.com/gaia-docker/tugbot-parse
  version: 29cfc6f649a55ef112ab53015cca62c5dcbceb4d
  subpackages:
  - github.com\gaia-docker\tugbot-parse
- name: github.com/Microsoft/go-winio
  version: ce2922f643c8fd76b46cadc7f404a06282678b34
  subpackages:
  - github.com\Microsoft\go-winio
- name: github.com/opencontainers/runc
  version: 1a81e9ab1f138c091fe5c86d0883f87716088527
  subpackages:
  - github.com\opencontainers\runc\libcontainer\user
- name: github.com/Sirupsen/logrus
  version: 4b6ea7319e214d98c938f12692336f7ca9348d6b
  subpackages:
  - github.com\Sirupsen\logrus
- name: github.com/urfave/cli
  version: b616f6088660d2eaa33739718f0583f8d467a178
  subpackages:
  - github.com\urfave\cli
- name: github.com/vdemeester/docker-events
  version: be74d4929ec1ad118df54349fda4b0cba60f849b
  subpackages:
  - github.com\vdemeester\docker-events
- name: golang.org/x/net
  version: 4876518f9e71663000c348837735820161a42df7
  subpackages:
  - golang.org\x\net\context
  - golang.org\x\net\proxy
- name: golang.org/x/sys
  version: a646d33e2ee3172a661fc09bca23bb4889a41bc8
  subpackages:
  - golang.org\x\sys\unix
  - golang.org\x\sys\windows
devImports: []
